// !$*UTF8*$!
{
	archiveVersion = 1;
	classes = {
	};
	objectVersion = 52;
	objects = {

/* Begin PBXBuildFile section */
		81D6301C25E4BD5B00F42ED5 /* CalendarCardApp.swift in Sources */ = {isa = PBXBuildFile; fileRef = 81D6301B25E4BD5B00F42ED5 /* CalendarCardApp.swift */; };
		81D6301E25E4BD5B00F42ED5 /* ContentView.swift in Sources */ = {isa = PBXBuildFile; fileRef = 81D6301D25E4BD5B00F42ED5 /* ContentView.swift */; };
		81D6302025E4BD5D00F42ED5 /* Assets.xcassets in Resources */ = {isa = PBXBuildFile; fileRef = 81D6301F25E4BD5D00F42ED5 /* Assets.xcassets */; };
		81D6302325E4BD5D00F42ED5 /* Preview Assets.xcassets in Resources */ = {isa = PBXBuildFile; fileRef = 81D6302225E4BD5D00F42ED5 /* Preview Assets.xcassets */; };
		81D6302525E4BD5D00F42ED5 /* Persistence.swift in Sources */ = {isa = PBXBuildFile; fileRef = 81D6302425E4BD5D00F42ED5 /* Persistence.swift */; };
		81D6302825E4BD5D00F42ED5 /* CalendarCard.xcdatamodeld in Sources */ = {isa = PBXBuildFile; fileRef = 81D6302625E4BD5D00F42ED5 /* CalendarCard.xcdatamodeld */; };
		81D6303225E4BDAB00F42ED5 /* SwiftMesh in Frameworks */ = {isa = PBXBuildFile; productRef = 81D6303125E4BDAB00F42ED5 /* SwiftMesh */; };
		81D6303F25E4BE1D00F42ED5 /* WidgetKit.framework in Frameworks */ = {isa = PBXBuildFile; fileRef = 81D6303E25E4BE1D00F42ED5 /* WidgetKit.framework */; };
		81D6304125E4BE1D00F42ED5 /* SwiftUI.framework in Frameworks */ = {isa = PBXBuildFile; fileRef = 81D6304025E4BE1D00F42ED5 /* SwiftUI.framework */; };
		81D6304425E4BE1D00F42ED5 /* Widget.swift in Sources */ = {isa = PBXBuildFile; fileRef = 81D6304325E4BE1D00F42ED5 /* Widget.swift */; };
		81D6304625E4BE1F00F42ED5 /* Assets.xcassets in Resources */ = {isa = PBXBuildFile; fileRef = 81D6304525E4BE1F00F42ED5 /* Assets.xcassets */; };
		81D6304A25E4BE1F00F42ED5 /* WidgetExtension.appex in Embed App Extensions */ = {isa = PBXBuildFile; fileRef = 81D6303C25E4BE1D00F42ED5 /* WidgetExtension.appex */; settings = {ATTRIBUTES = (RemoveHeadersOnCopy, ); }; };
		81D6305625E4BE3B00F42ED5 /* PublicUtil.swift in Sources */ = {isa = PBXBuildFile; fileRef = 81D6305225E4BE3B00F42ED5 /* PublicUtil.swift */; };
		81D6305725E4BE3B00F42ED5 /* LunarTool.swift in Sources */ = {isa = PBXBuildFile; fileRef = 81D6305325E4BE3B00F42ED5 /* LunarTool.swift */; };
		81D6305825E4BE3B00F42ED5 /* Request.swift in Sources */ = {isa = PBXBuildFile; fileRef = 81D6305425E4BE3B00F42ED5 /* Request.swift */; };
		81D6305925E4BE3B00F42ED5 /* DateTool.swift in Sources */ = {isa = PBXBuildFile; fileRef = 81D6305525E4BE3B00F42ED5 /* DateTool.swift */; };
		81D6306225E4BE4100F42ED5 /* CalenderDay.swift in Sources */ = {isa = PBXBuildFile; fileRef = 81D6305D25E4BE4100F42ED5 /* CalenderDay.swift */; };
		81D6306325E4BE4100F42ED5 /* CalendarList.swift in Sources */ = {isa = PBXBuildFile; fileRef = 81D6305E25E4BE4100F42ED5 /* CalendarList.swift */; };
		81D6306425E4BE4100F42ED5 /* CalendarWeek.swift in Sources */ = {isa = PBXBuildFile; fileRef = 81D6305F25E4BE4100F42ED5 /* CalendarWeek.swift */; };
		81D6306525E4BE4100F42ED5 /* Util.swift in Sources */ = {isa = PBXBuildFile; fileRef = 81D6306025E4BE4100F42ED5 /* Util.swift */; };
		81D6306625E4BE4100F42ED5 /* CalendarView.swift in Sources */ = {isa = PBXBuildFile; fileRef = 81D6306125E4BE4100F42ED5 /* CalendarView.swift */; };
		81D6306B25E4BE4600F42ED5 /* CardView.swift in Sources */ = {isa = PBXBuildFile; fileRef = 81D6306A25E4BE4600F42ED5 /* CardView.swift */; };
		81D6307A25E4BE4A00F42ED5 /* CardBar.swift in Sources */ = {isa = PBXBuildFile; fileRef = 81D6306F25E4BE4A00F42ED5 /* CardBar.swift */; };
		81D6307B25E4BE4A00F42ED5 /* CardHead.swift in Sources */ = {isa = PBXBuildFile; fileRef = 81D6307025E4BE4A00F42ED5 /* CardHead.swift */; };
		81D6307C25E4BE4A00F42ED5 /* CardHoliday.swift in Sources */ = {isa = PBXBuildFile; fileRef = 81D6307125E4BE4A00F42ED5 /* CardHoliday.swift */; };
		81D6307E25E4BE4A00F42ED5 /* CardItem.swift in Sources */ = {isa = PBXBuildFile; fileRef = 81D6307325E4BE4A00F42ED5 /* CardItem.swift */; };
		81D6307F25E4BE4A00F42ED5 /* CardFoot.swift in Sources */ = {isa = PBXBuildFile; fileRef = 81D6307425E4BE4A00F42ED5 /* CardFoot.swift */; };
		81D6308025E4BE4A00F42ED5 /* CardBottom.swift in Sources */ = {isa = PBXBuildFile; fileRef = 81D6307525E4BE4A00F42ED5 /* CardBottom.swift */; };
		81D6308125E4BE4A00F42ED5 /* FootRight.swift in Sources */ = {isa = PBXBuildFile; fileRef = 81D6307625E4BE4A00F42ED5 /* FootRight.swift */; };
		81D6308225E4BE4A00F42ED5 /* FootLeft.swift in Sources */ = {isa = PBXBuildFile; fileRef = 81D6307725E4BE4A00F42ED5 /* FootLeft.swift */; };
		81D6308325E4BE4A00F42ED5 /* SuitItem.swift in Sources */ = {isa = PBXBuildFile; fileRef = 81D6307825E4BE4A00F42ED5 /* SuitItem.swift */; };
		81D6308425E4BE4A00F42ED5 /* CardHuangli.swift in Sources */ = {isa = PBXBuildFile; fileRef = 81D6307925E4BE4A00F42ED5 /* CardHuangli.swift */; };
		81D6309F25E4BECD00F42ED5 /* SwiftMesh in Frameworks */ = {isa = PBXBuildFile; productRef = 81D6309E25E4BECD00F42ED5 /* SwiftMesh */; };
		81D630AD25E4BF3100F42ED5 /* SuitView.swift in Sources */ = {isa = PBXBuildFile; fileRef = 81D630A525E4BF3000F42ED5 /* SuitView.swift */; };
		81D630AE25E4BF3100F42ED5 /* WeekView.swift in Sources */ = {isa = PBXBuildFile; fileRef = 81D630A625E4BF3000F42ED5 /* WeekView.swift */; };
		81D630AF25E4BF3100F42ED5 /* AvoidView.swift in Sources */ = {isa = PBXBuildFile; fileRef = 81D630A725E4BF3000F42ED5 /* AvoidView.swift */; };
		81D630B025E4BF3100F42ED5 /* DayView.swift in Sources */ = {isa = PBXBuildFile; fileRef = 81D630A825E4BF3000F42ED5 /* DayView.swift */; };
		81D630B125E4BF3100F42ED5 /* WeekDaysView.swift in Sources */ = {isa = PBXBuildFile; fileRef = 81D630A925E4BF3000F42ED5 /* WeekDaysView.swift */; };
		81D630B225E4BF3100F42ED5 /* LargeWidget.swift in Sources */ = {isa = PBXBuildFile; fileRef = 81D630AA25E4BF3000F42ED5 /* LargeWidget.swift */; };
		81D630B325E4BF3100F42ED5 /* MediumWidget.swift in Sources */ = {isa = PBXBuildFile; fileRef = 81D630AB25E4BF3000F42ED5 /* MediumWidget.swift */; };
		81D630B425E4BF3100F42ED5 /* SmallWidget.swift in Sources */ = {isa = PBXBuildFile; fileRef = 81D630AC25E4BF3100F42ED5 /* SmallWidget.swift */; };
		81D630B725E4BF5100F42ED5 /* PublicUtil.swift in Sources */ = {isa = PBXBuildFile; fileRef = 81D6305225E4BE3B00F42ED5 /* PublicUtil.swift */; };
		81D630B825E4BF5100F42ED5 /* LunarTool.swift in Sources */ = {isa = PBXBuildFile; fileRef = 81D6305325E4BE3B00F42ED5 /* LunarTool.swift */; };
		81D630B925E4BF5100F42ED5 /* Request.swift in Sources */ = {isa = PBXBuildFile; fileRef = 81D6305425E4BE3B00F42ED5 /* Request.swift */; };
		81D630BE25E4C02100F42ED5 /* NotiListView.swift in Sources */ = {isa = PBXBuildFile; fileRef = 81D630BD25E4C02100F42ED5 /* NotiListView.swift */; };
		81D630C225E4C08000F42ED5 /* NotiAddView.swift in Sources */ = {isa = PBXBuildFile; fileRef = 81D630C125E4C08000F42ED5 /* NotiAddView.swift */; };
		81D630F125E4F5C200F42ED5 /* EmptyList.swift in Sources */ = {isa = PBXBuildFile; fileRef = 81D630F025E4F5C200F42ED5 /* EmptyList.swift */; };
		81D630FB25E6034500F42ED5 /* ToastUI in Frameworks */ = {isa = PBXBuildFile; productRef = 81D630FA25E6034500F42ED5 /* ToastUI */; };
/* End PBXBuildFile section */

/* Begin PBXContainerItemProxy section */
		81D6304825E4BE1F00F42ED5 /* PBXContainerItemProxy */ = {
			isa = PBXContainerItemProxy;
			containerPortal = 81D6301025E4BD5B00F42ED5 /* Project object */;
			proxyType = 1;
			remoteGlobalIDString = 81D6303B25E4BE1D00F42ED5;
			remoteInfo = WidgetExtension;
		};
/* End PBXContainerItemProxy section */

/* Begin PBXCopyFilesBuildPhase section */
		81D6304E25E4BE1F00F42ED5 /* Embed App Extensions */ = {
			isa = PBXCopyFilesBuildPhase;
			buildActionMask = 2147483647;
			dstPath = "";
			dstSubfolderSpec = 13;
			files = (
				81D6304A25E4BE1F00F42ED5 /* WidgetExtension.appex in Embed App Extensions */,
			);
			name = "Embed App Extensions";
			runOnlyForDeploymentPostprocessing = 0;
		};
/* End PBXCopyFilesBuildPhase section */

/* Begin PBXFileReference section */
		81D6301825E4BD5B00F42ED5 /* CalendarCard.app */ = {isa = PBXFileReference; explicitFileType = wrapper.application; includeInIndex = 0; path = CalendarCard.app; sourceTree = BUILT_PRODUCTS_DIR; };
		81D6301B25E4BD5B00F42ED5 /* CalendarCardApp.swift */ = {isa = PBXFileReference; lastKnownFileType = sourcecode.swift; path = CalendarCardApp.swift; sourceTree = "<group>"; };
		81D6301D25E4BD5B00F42ED5 /* ContentView.swift */ = {isa = PBXFileReference; lastKnownFileType = sourcecode.swift; path = ContentView.swift; sourceTree = "<group>"; };
		81D6301F25E4BD5D00F42ED5 /* Assets.xcassets */ = {isa = PBXFileReference; lastKnownFileType = folder.assetcatalog; path = Assets.xcassets; sourceTree = "<group>"; };
		81D6302225E4BD5D00F42ED5 /* Preview Assets.xcassets */ = {isa = PBXFileReference; lastKnownFileType = folder.assetcatalog; path = "Preview Assets.xcassets"; sourceTree = "<group>"; };
		81D6302425E4BD5D00F42ED5 /* Persistence.swift */ = {isa = PBXFileReference; lastKnownFileType = sourcecode.swift; path = Persistence.swift; sourceTree = "<group>"; };
		81D6302725E4BD5D00F42ED5 /* CalendarCard.xcdatamodel */ = {isa = PBXFileReference; lastKnownFileType = wrapper.xcdatamodel; path = CalendarCard.xcdatamodel; sourceTree = "<group>"; };
		81D6302925E4BD5D00F42ED5 /* Info.plist */ = {isa = PBXFileReference; lastKnownFileType = text.plist.xml; path = Info.plist; sourceTree = "<group>"; };
		81D6303C25E4BE1D00F42ED5 /* WidgetExtension.appex */ = {isa = PBXFileReference; explicitFileType = "wrapper.app-extension"; includeInIndex = 0; path = WidgetExtension.appex; sourceTree = BUILT_PRODUCTS_DIR; };
		81D6303E25E4BE1D00F42ED5 /* WidgetKit.framework */ = {isa = PBXFileReference; lastKnownFileType = wrapper.framework; name = WidgetKit.framework; path = System/Library/Frameworks/WidgetKit.framework; sourceTree = SDKROOT; };
		81D6304025E4BE1D00F42ED5 /* SwiftUI.framework */ = {isa = PBXFileReference; lastKnownFileType = wrapper.framework; name = SwiftUI.framework; path = System/Library/Frameworks/SwiftUI.framework; sourceTree = SDKROOT; };
		81D6304325E4BE1D00F42ED5 /* Widget.swift */ = {isa = PBXFileReference; lastKnownFileType = sourcecode.swift; path = Widget.swift; sourceTree = "<group>"; };
		81D6304525E4BE1F00F42ED5 /* Assets.xcassets */ = {isa = PBXFileReference; lastKnownFileType = folder.assetcatalog; path = Assets.xcassets; sourceTree = "<group>"; };
		81D6304725E4BE1F00F42ED5 /* Info.plist */ = {isa = PBXFileReference; lastKnownFileType = text.plist.xml; path = Info.plist; sourceTree = "<group>"; };
		81D6305225E4BE3B00F42ED5 /* PublicUtil.swift */ = {isa = PBXFileReference; fileEncoding = 4; lastKnownFileType = sourcecode.swift; path = PublicUtil.swift; sourceTree = "<group>"; };
		81D6305325E4BE3B00F42ED5 /* LunarTool.swift */ = {isa = PBXFileReference; fileEncoding = 4; lastKnownFileType = sourcecode.swift; path = LunarTool.swift; sourceTree = "<group>"; };
		81D6305425E4BE3B00F42ED5 /* Request.swift */ = {isa = PBXFileReference; fileEncoding = 4; lastKnownFileType = sourcecode.swift; path = Request.swift; sourceTree = "<group>"; };
		81D6305525E4BE3B00F42ED5 /* DateTool.swift */ = {isa = PBXFileReference; fileEncoding = 4; lastKnownFileType = sourcecode.swift; path = DateTool.swift; sourceTree = "<group>"; };
		81D6305D25E4BE4100F42ED5 /* CalenderDay.swift */ = {isa = PBXFileReference; fileEncoding = 4; lastKnownFileType = sourcecode.swift; path = CalenderDay.swift; sourceTree = "<group>"; };
		81D6305E25E4BE4100F42ED5 /* CalendarList.swift */ = {isa = PBXFileReference; fileEncoding = 4; lastKnownFileType = sourcecode.swift; path = CalendarList.swift; sourceTree = "<group>"; };
		81D6305F25E4BE4100F42ED5 /* CalendarWeek.swift */ = {isa = PBXFileReference; fileEncoding = 4; lastKnownFileType = sourcecode.swift; path = CalendarWeek.swift; sourceTree = "<group>"; };
		81D6306025E4BE4100F42ED5 /* Util.swift */ = {isa = PBXFileReference; fileEncoding = 4; lastKnownFileType = sourcecode.swift; path = Util.swift; sourceTree = "<group>"; };
		81D6306125E4BE4100F42ED5 /* CalendarView.swift */ = {isa = PBXFileReference; fileEncoding = 4; lastKnownFileType = sourcecode.swift; path = CalendarView.swift; sourceTree = "<group>"; };
		81D6306A25E4BE4600F42ED5 /* CardView.swift */ = {isa = PBXFileReference; fileEncoding = 4; lastKnownFileType = sourcecode.swift; path = CardView.swift; sourceTree = "<group>"; };
		81D6306F25E4BE4A00F42ED5 /* CardBar.swift */ = {isa = PBXFileReference; fileEncoding = 4; lastKnownFileType = sourcecode.swift; path = CardBar.swift; sourceTree = "<group>"; };
		81D6307025E4BE4A00F42ED5 /* CardHead.swift */ = {isa = PBXFileReference; fileEncoding = 4; lastKnownFileType = sourcecode.swift; path = CardHead.swift; sourceTree = "<group>"; };
		81D6307125E4BE4A00F42ED5 /* CardHoliday.swift */ = {isa = PBXFileReference; fileEncoding = 4; lastKnownFileType = sourcecode.swift; path = CardHoliday.swift; sourceTree = "<group>"; };
		81D6307325E4BE4A00F42ED5 /* CardItem.swift */ = {isa = PBXFileReference; fileEncoding = 4; lastKnownFileType = sourcecode.swift; path = CardItem.swift; sourceTree = "<group>"; };
		81D6307425E4BE4A00F42ED5 /* CardFoot.swift */ = {isa = PBXFileReference; fileEncoding = 4; lastKnownFileType = sourcecode.swift; path = CardFoot.swift; sourceTree = "<group>"; };
		81D6307525E4BE4A00F42ED5 /* CardBottom.swift */ = {isa = PBXFileReference; fileEncoding = 4; lastKnownFileType = sourcecode.swift; path = CardBottom.swift; sourceTree = "<group>"; };
		81D6307625E4BE4A00F42ED5 /* FootRight.swift */ = {isa = PBXFileReference; fileEncoding = 4; lastKnownFileType = sourcecode.swift; path = FootRight.swift; sourceTree = "<group>"; };
		81D6307725E4BE4A00F42ED5 /* FootLeft.swift */ = {isa = PBXFileReference; fileEncoding = 4; lastKnownFileType = sourcecode.swift; path = FootLeft.swift; sourceTree = "<group>"; };
		81D6307825E4BE4A00F42ED5 /* SuitItem.swift */ = {isa = PBXFileReference; fileEncoding = 4; lastKnownFileType = sourcecode.swift; path = SuitItem.swift; sourceTree = "<group>"; };
		81D6307925E4BE4A00F42ED5 /* CardHuangli.swift */ = {isa = PBXFileReference; fileEncoding = 4; lastKnownFileType = sourcecode.swift; path = CardHuangli.swift; sourceTree = "<group>"; };
		81D630A525E4BF3000F42ED5 /* SuitView.swift */ = {isa = PBXFileReference; fileEncoding = 4; lastKnownFileType = sourcecode.swift; path = SuitView.swift; sourceTree = "<group>"; };
		81D630A625E4BF3000F42ED5 /* WeekView.swift */ = {isa = PBXFileReference; fileEncoding = 4; lastKnownFileType = sourcecode.swift; path = WeekView.swift; sourceTree = "<group>"; };
		81D630A725E4BF3000F42ED5 /* AvoidView.swift */ = {isa = PBXFileReference; fileEncoding = 4; lastKnownFileType = sourcecode.swift; path = AvoidView.swift; sourceTree = "<group>"; };
		81D630A825E4BF3000F42ED5 /* DayView.swift */ = {isa = PBXFileReference; fileEncoding = 4; lastKnownFileType = sourcecode.swift; path = DayView.swift; sourceTree = "<group>"; };
		81D630A925E4BF3000F42ED5 /* WeekDaysView.swift */ = {isa = PBXFileReference; fileEncoding = 4; lastKnownFileType = sourcecode.swift; path = WeekDaysView.swift; sourceTree = "<group>"; };
		81D630AA25E4BF3000F42ED5 /* LargeWidget.swift */ = {isa = PBXFileReference; fileEncoding = 4; lastKnownFileType = sourcecode.swift; path = LargeWidget.swift; sourceTree = "<group>"; };
		81D630AB25E4BF3000F42ED5 /* MediumWidget.swift */ = {isa = PBXFileReference; fileEncoding = 4; lastKnownFileType = sourcecode.swift; path = MediumWidget.swift; sourceTree = "<group>"; };
		81D630AC25E4BF3100F42ED5 /* SmallWidget.swift */ = {isa = PBXFileReference; fileEncoding = 4; lastKnownFileType = sourcecode.swift; path = SmallWidget.swift; sourceTree = "<group>"; };
		81D630BD25E4C02100F42ED5 /* NotiListView.swift */ = {isa = PBXFileReference; fileEncoding = 4; lastKnownFileType = sourcecode.swift; path = NotiListView.swift; sourceTree = "<group>"; };
		81D630C125E4C08000F42ED5 /* NotiAddView.swift */ = {isa = PBXFileReference; lastKnownFileType = sourcecode.swift; path = NotiAddView.swift; sourceTree = "<group>"; };
		81D630F025E4F5C200F42ED5 /* EmptyList.swift */ = {isa = PBXFileReference; lastKnownFileType = sourcecode.swift; path = EmptyList.swift; sourceTree = "<group>"; };
		81D6310625E6384600F42ED5 /* CalendarCard.entitlements */ = {isa = PBXFileReference; lastKnownFileType = text.plist.entitlements; path = CalendarCard.entitlements; sourceTree = "<group>"; };
		81D6310725E6384600F42ED5 /* WidgetExtension.entitlements */ = {isa = PBXFileReference; lastKnownFileType = text.plist.entitlements; path = WidgetExtension.entitlements; sourceTree = "<group>"; };
/* End PBXFileReference section */

/* Begin PBXFrameworksBuildPhase section */
		81D6301525E4BD5B00F42ED5 /* Frameworks */ = {
			isa = PBXFrameworksBuildPhase;
			buildActionMask = 2147483647;
			files = (
				81D630FB25E6034500F42ED5 /* ToastUI in Frameworks */,
				81D6303225E4BDAB00F42ED5 /* SwiftMesh in Frameworks */,
			);
			runOnlyForDeploymentPostprocessing = 0;
		};
		81D6303925E4BE1D00F42ED5 /* Frameworks */ = {
			isa = PBXFrameworksBuildPhase;
			buildActionMask = 2147483647;
			files = (
				81D6304125E4BE1D00F42ED5 /* SwiftUI.framework in Frameworks */,
				81D6303F25E4BE1D00F42ED5 /* WidgetKit.framework in Frameworks */,
				81D6309F25E4BECD00F42ED5 /* SwiftMesh in Frameworks */,
			);
			runOnlyForDeploymentPostprocessing = 0;
		};
/* End PBXFrameworksBuildPhase section */

/* Begin PBXGroup section */
		81D6300F25E4BD5B00F42ED5 = {
			isa = PBXGroup;
			children = (
				81D6310725E6384600F42ED5 /* WidgetExtension.entitlements */,
				81D6301A25E4BD5B00F42ED5 /* CalendarCard */,
				81D6304225E4BE1D00F42ED5 /* Widget */,
				81D6303D25E4BE1D00F42ED5 /* Frameworks */,
				81D6301925E4BD5B00F42ED5 /* Products */,
			);
			sourceTree = "<group>";
		};
		81D6301925E4BD5B00F42ED5 /* Products */ = {
			isa = PBXGroup;
			children = (
				81D6301825E4BD5B00F42ED5 /* CalendarCard.app */,
				81D6303C25E4BE1D00F42ED5 /* WidgetExtension.appex */,
			);
			name = Products;
			sourceTree = "<group>";
		};
		81D6301A25E4BD5B00F42ED5 /* CalendarCard */ = {
			isa = PBXGroup;
			children = (
				81D6310625E6384600F42ED5 /* CalendarCard.entitlements */,
				81D6301B25E4BD5B00F42ED5 /* CalendarCardApp.swift */,
				81D6301D25E4BD5B00F42ED5 /* ContentView.swift */,
				81D630BC25E4C02100F42ED5 /* Noti */,
				81D6306E25E4BE4A00F42ED5 /* Card */,
				81D6306925E4BE4600F42ED5 /* CardStack */,
				81D6305C25E4BE4100F42ED5 /* List */,
				81D6305125E4BE3B00F42ED5 /* Date */,
				81D6301F25E4BD5D00F42ED5 /* Assets.xcassets */,
				81D6302425E4BD5D00F42ED5 /* Persistence.swift */,
				81D6302925E4BD5D00F42ED5 /* Info.plist */,
				81D6302625E4BD5D00F42ED5 /* CalendarCard.xcdatamodeld */,
				81D6302125E4BD5D00F42ED5 /* Preview Content */,
			);
			path = CalendarCard;
			sourceTree = "<group>";
		};
		81D6302125E4BD5D00F42ED5 /* Preview Content */ = {
			isa = PBXGroup;
			children = (
				81D6302225E4BD5D00F42ED5 /* Preview Assets.xcassets */,
			);
			path = "Preview Content";
			sourceTree = "<group>";
		};
		81D6303D25E4BE1D00F42ED5 /* Frameworks */ = {
			isa = PBXGroup;
			children = (
				81D6303E25E4BE1D00F42ED5 /* WidgetKit.framework */,
				81D6304025E4BE1D00F42ED5 /* SwiftUI.framework */,
			);
			name = Frameworks;
			sourceTree = "<group>";
		};
		81D6304225E4BE1D00F42ED5 /* Widget */ = {
			isa = PBXGroup;
			children = (
				81D6304325E4BE1D00F42ED5 /* Widget.swift */,
				81D630AA25E4BF3000F42ED5 /* LargeWidget.swift */,
				81D630AB25E4BF3000F42ED5 /* MediumWidget.swift */,
				81D630AC25E4BF3100F42ED5 /* SmallWidget.swift */,
				81D630A425E4BF3000F42ED5 /* Items */,
				81D6304525E4BE1F00F42ED5 /* Assets.xcassets */,
				81D6304725E4BE1F00F42ED5 /* Info.plist */,
			);
			path = Widget;
			sourceTree = "<group>";
		};
		81D6305125E4BE3B00F42ED5 /* Date */ = {
			isa = PBXGroup;
			children = (
				81D6305225E4BE3B00F42ED5 /* PublicUtil.swift */,
				81D6305325E4BE3B00F42ED5 /* LunarTool.swift */,
				81D6305425E4BE3B00F42ED5 /* Request.swift */,
				81D6305525E4BE3B00F42ED5 /* DateTool.swift */,
			);
			path = Date;
			sourceTree = "<group>";
		};
		81D6305C25E4BE4100F42ED5 /* List */ = {
			isa = PBXGroup;
			children = (
				81D6305D25E4BE4100F42ED5 /* CalenderDay.swift */,
				81D6305E25E4BE4100F42ED5 /* CalendarList.swift */,
				81D6305F25E4BE4100F42ED5 /* CalendarWeek.swift */,
				81D6306025E4BE4100F42ED5 /* Util.swift */,
				81D6306125E4BE4100F42ED5 /* CalendarView.swift */,
			);
			path = List;
			sourceTree = "<group>";
		};
		81D6306925E4BE4600F42ED5 /* CardStack */ = {
			isa = PBXGroup;
			children = (
				81D6306A25E4BE4600F42ED5 /* CardView.swift */,
			);
			path = CardStack;
			sourceTree = "<group>";
		};
		81D6306E25E4BE4A00F42ED5 /* Card */ = {
			isa = PBXGroup;
			children = (
				81D6306F25E4BE4A00F42ED5 /* CardBar.swift */,
				81D6307025E4BE4A00F42ED5 /* CardHead.swift */,
				81D6307125E4BE4A00F42ED5 /* CardHoliday.swift */,
				81D6307325E4BE4A00F42ED5 /* CardItem.swift */,
				81D6307425E4BE4A00F42ED5 /* CardFoot.swift */,
				81D6307525E4BE4A00F42ED5 /* CardBottom.swift */,
				81D6307625E4BE4A00F42ED5 /* FootRight.swift */,
				81D6307725E4BE4A00F42ED5 /* FootLeft.swift */,
				81D6307825E4BE4A00F42ED5 /* SuitItem.swift */,
				81D6307925E4BE4A00F42ED5 /* CardHuangli.swift */,
			);
			path = Card;
			sourceTree = "<group>";
		};
		81D630A425E4BF3000F42ED5 /* Items */ = {
			isa = PBXGroup;
			children = (
				81D630A525E4BF3000F42ED5 /* SuitView.swift */,
				81D630A625E4BF3000F42ED5 /* WeekView.swift */,
				81D630A725E4BF3000F42ED5 /* AvoidView.swift */,
				81D630A825E4BF3000F42ED5 /* DayView.swift */,
				81D630A925E4BF3000F42ED5 /* WeekDaysView.swift */,
			);
			path = Items;
			sourceTree = "<group>";
		};
		81D630BC25E4C02100F42ED5 /* Noti */ = {
			isa = PBXGroup;
			children = (
				81D630BD25E4C02100F42ED5 /* NotiListView.swift */,
				81D630C125E4C08000F42ED5 /* NotiAddView.swift */,
				81D630F025E4F5C200F42ED5 /* EmptyList.swift */,
			);
			path = Noti;
			sourceTree = "<group>";
		};
/* End PBXGroup section */

/* Begin PBXNativeTarget section */
		81D6301725E4BD5B00F42ED5 /* CalendarCard */ = {
			isa = PBXNativeTarget;
			buildConfigurationList = 81D6302C25E4BD5D00F42ED5 /* Build configuration list for PBXNativeTarget "CalendarCard" */;
			buildPhases = (
				81D6301425E4BD5B00F42ED5 /* Sources */,
				81D6301525E4BD5B00F42ED5 /* Frameworks */,
				81D6301625E4BD5B00F42ED5 /* Resources */,
				81D6304E25E4BE1F00F42ED5 /* Embed App Extensions */,
			);
			buildRules = (
			);
			dependencies = (
				81D6304925E4BE1F00F42ED5 /* PBXTargetDependency */,
			);
			name = CalendarCard;
			packageProductDependencies = (
				81D6303125E4BDAB00F42ED5 /* SwiftMesh */,
				81D630FA25E6034500F42ED5 /* ToastUI */,
			);
			productName = CalendarCard;
			productReference = 81D6301825E4BD5B00F42ED5 /* CalendarCard.app */;
			productType = "com.apple.product-type.application";
		};
		81D6303B25E4BE1D00F42ED5 /* WidgetExtension */ = {
			isa = PBXNativeTarget;
			buildConfigurationList = 81D6304B25E4BE1F00F42ED5 /* Build configuration list for PBXNativeTarget "WidgetExtension" */;
			buildPhases = (
				81D6303825E4BE1D00F42ED5 /* Sources */,
				81D6303925E4BE1D00F42ED5 /* Frameworks */,
				81D6303A25E4BE1D00F42ED5 /* Resources */,
			);
			buildRules = (
			);
			dependencies = (
			);
			name = WidgetExtension;
			packageProductDependencies = (
				81D6309E25E4BECD00F42ED5 /* SwiftMesh */,
			);
			productName = WidgetExtension;
			productReference = 81D6303C25E4BE1D00F42ED5 /* WidgetExtension.appex */;
			productType = "com.apple.product-type.app-extension";
		};
/* End PBXNativeTarget section */

/* Begin PBXProject section */
		81D6301025E4BD5B00F42ED5 /* Project object */ = {
			isa = PBXProject;
			attributes = {
				LastSwiftUpdateCheck = 1240;
				LastUpgradeCheck = 1240;
				TargetAttributes = {
					81D6301725E4BD5B00F42ED5 = {
						CreatedOnToolsVersion = 12.4;
					};
					81D6303B25E4BE1D00F42ED5 = {
						CreatedOnToolsVersion = 12.4;
					};
				};
			};
			buildConfigurationList = 81D6301325E4BD5B00F42ED5 /* Build configuration list for PBXProject "CalendarCard" */;
			compatibilityVersion = "Xcode 9.3";
			developmentRegion = en;
			hasScannedForEncodings = 0;
			knownRegions = (
				en,
				Base,
			);
			mainGroup = 81D6300F25E4BD5B00F42ED5;
			packageReferences = (
				81D6303025E4BDAB00F42ED5 /* XCRemoteSwiftPackageReference "SwiftMesh" */,
				81D630F925E6034500F42ED5 /* XCRemoteSwiftPackageReference "ToastUI" */,
			);
			productRefGroup = 81D6301925E4BD5B00F42ED5 /* Products */;
			projectDirPath = "";
			projectRoot = "";
			targets = (
				81D6301725E4BD5B00F42ED5 /* CalendarCard */,
				81D6303B25E4BE1D00F42ED5 /* WidgetExtension */,
			);
		};
/* End PBXProject section */

/* Begin PBXResourcesBuildPhase section */
		81D6301625E4BD5B00F42ED5 /* Resources */ = {
			isa = PBXResourcesBuildPhase;
			buildActionMask = 2147483647;
			files = (
				81D6302325E4BD5D00F42ED5 /* Preview Assets.xcassets in Resources */,
				81D6302025E4BD5D00F42ED5 /* Assets.xcassets in Resources */,
			);
			runOnlyForDeploymentPostprocessing = 0;
		};
		81D6303A25E4BE1D00F42ED5 /* Resources */ = {
			isa = PBXResourcesBuildPhase;
			buildActionMask = 2147483647;
			files = (
				81D6304625E4BE1F00F42ED5 /* Assets.xcassets in Resources */,
			);
			runOnlyForDeploymentPostprocessing = 0;
		};
/* End PBXResourcesBuildPhase section */

/* Begin PBXSourcesBuildPhase section */
		81D6301425E4BD5B00F42ED5 /* Sources */ = {
			isa = PBXSourcesBuildPhase;
			buildActionMask = 2147483647;
			files = (
				81D6306B25E4BE4600F42ED5 /* CardView.swift in Sources */,
				81D6302525E4BD5D00F42ED5 /* Persistence.swift in Sources */,
				81D6306225E4BE4100F42ED5 /* CalenderDay.swift in Sources */,
				81D6302825E4BD5D00F42ED5 /* CalendarCard.xcdatamodeld in Sources */,
				81D630C225E4C08000F42ED5 /* NotiAddView.swift in Sources */,
				81D6306325E4BE4100F42ED5 /* CalendarList.swift in Sources */,
				81D630F125E4F5C200F42ED5 /* EmptyList.swift in Sources */,
				81D630BE25E4C02100F42ED5 /* NotiListView.swift in Sources */,
				81D6307B25E4BE4A00F42ED5 /* CardHead.swift in Sources */,
				81D6301E25E4BD5B00F42ED5 /* ContentView.swift in Sources */,
				81D6308325E4BE4A00F42ED5 /* SuitItem.swift in Sources */,
				81D6301C25E4BD5B00F42ED5 /* CalendarCardApp.swift in Sources */,
				81D6307F25E4BE4A00F42ED5 /* CardFoot.swift in Sources */,
				81D6307A25E4BE4A00F42ED5 /* CardBar.swift in Sources */,
				81D6306625E4BE4100F42ED5 /* CalendarView.swift in Sources */,
				81D6305825E4BE3B00F42ED5 /* Request.swift in Sources */,
				81D6306525E4BE4100F42ED5 /* Util.swift in Sources */,
				81D6308425E4BE4A00F42ED5 /* CardHuangli.swift in Sources */,
				81D6305925E4BE3B00F42ED5 /* DateTool.swift in Sources */,
				81D6308025E4BE4A00F42ED5 /* CardBottom.swift in Sources */,
				81D6305725E4BE3B00F42ED5 /* LunarTool.swift in Sources */,
				81D6308225E4BE4A00F42ED5 /* FootLeft.swift in Sources */,
				81D6307E25E4BE4A00F42ED5 /* CardItem.swift in Sources */,
				81D6305625E4BE3B00F42ED5 /* PublicUtil.swift in Sources */,
				81D6306425E4BE4100F42ED5 /* CalendarWeek.swift in Sources */,
				81D6308125E4BE4A00F42ED5 /* FootRight.swift in Sources */,
				81D6307C25E4BE4A00F42ED5 /* CardHoliday.swift in Sources */,
			);
			runOnlyForDeploymentPostprocessing = 0;
		};
		81D6303825E4BE1D00F42ED5 /* Sources */ = {
			isa = PBXSourcesBuildPhase;
			buildActionMask = 2147483647;
			files = (
				81D630B725E4BF5100F42ED5 /* PublicUtil.swift in Sources */,
				81D630B825E4BF5100F42ED5 /* LunarTool.swift in Sources */,
				81D630B925E4BF5100F42ED5 /* Request.swift in Sources */,
				81D630AF25E4BF3100F42ED5 /* AvoidView.swift in Sources */,
				81D630B025E4BF3100F42ED5 /* DayView.swift in Sources */,
				81D630B425E4BF3100F42ED5 /* SmallWidget.swift in Sources */,
				81D630B325E4BF3100F42ED5 /* MediumWidget.swift in Sources */,
				81D630B225E4BF3100F42ED5 /* LargeWidget.swift in Sources */,
				81D630AE25E4BF3100F42ED5 /* WeekView.swift in Sources */,
				81D6304425E4BE1D00F42ED5 /* Widget.swift in Sources */,
				81D630AD25E4BF3100F42ED5 /* SuitView.swift in Sources */,
				81D630B125E4BF3100F42ED5 /* WeekDaysView.swift in Sources */,
			);
			runOnlyForDeploymentPostprocessing = 0;
		};
/* End PBXSourcesBuildPhase section */

/* Begin PBXTargetDependency section */
		81D6304925E4BE1F00F42ED5 /* PBXTargetDependency */ = {
			isa = PBXTargetDependency;
			target = 81D6303B25E4BE1D00F42ED5 /* WidgetExtension */;
			targetProxy = 81D6304825E4BE1F00F42ED5 /* PBXContainerItemProxy */;
		};
/* End PBXTargetDependency section */

/* Begin XCBuildConfiguration section */
		81D6302A25E4BD5D00F42ED5 /* Debug */ = {
			isa = XCBuildConfiguration;
			buildSettings = {
				ALWAYS_SEARCH_USER_PATHS = NO;
				CLANG_ANALYZER_NONNULL = YES;
				CLANG_ANALYZER_NUMBER_OBJECT_CONVERSION = YES_AGGRESSIVE;
				CLANG_CXX_LANGUAGE_STANDARD = "gnu++14";
				CLANG_CXX_LIBRARY = "libc++";
				CLANG_ENABLE_MODULES = YES;
				CLANG_ENABLE_OBJC_ARC = YES;
				CLANG_ENABLE_OBJC_WEAK = YES;
				CLANG_WARN_BLOCK_CAPTURE_AUTORELEASING = YES;
				CLANG_WARN_BOOL_CONVERSION = YES;
				CLANG_WARN_COMMA = YES;
				CLANG_WARN_CONSTANT_CONVERSION = YES;
				CLANG_WARN_DEPRECATED_OBJC_IMPLEMENTATIONS = YES;
				CLANG_WARN_DIRECT_OBJC_ISA_USAGE = YES_ERROR;
				CLANG_WARN_DOCUMENTATION_COMMENTS = YES;
				CLANG_WARN_EMPTY_BODY = YES;
				CLANG_WARN_ENUM_CONVERSION = YES;
				CLANG_WARN_INFINITE_RECURSION = YES;
				CLANG_WARN_INT_CONVERSION = YES;
				CLANG_WARN_NON_LITERAL_NULL_CONVERSION = YES;
				CLANG_WARN_OBJC_IMPLICIT_RETAIN_SELF = YES;
				CLANG_WARN_OBJC_LITERAL_CONVERSION = YES;
				CLANG_WARN_OBJC_ROOT_CLASS = YES_ERROR;
				CLANG_WARN_QUOTED_INCLUDE_IN_FRAMEWORK_HEADER = YES;
				CLANG_WARN_RANGE_LOOP_ANALYSIS = YES;
				CLANG_WARN_STRICT_PROTOTYPES = YES;
				CLANG_WARN_SUSPICIOUS_MOVE = YES;
				CLANG_WARN_UNGUARDED_AVAILABILITY = YES_AGGRESSIVE;
				CLANG_WARN_UNREACHABLE_CODE = YES;
				CLANG_WARN__DUPLICATE_METHOD_MATCH = YES;
				COPY_PHASE_STRIP = NO;
				DEBUG_INFORMATION_FORMAT = dwarf;
				ENABLE_STRICT_OBJC_MSGSEND = YES;
				ENABLE_TESTABILITY = YES;
				GCC_C_LANGUAGE_STANDARD = gnu11;
				GCC_DYNAMIC_NO_PIC = NO;
				GCC_NO_COMMON_BLOCKS = YES;
				GCC_OPTIMIZATION_LEVEL = 0;
				GCC_PREPROCESSOR_DEFINITIONS = (
					"DEBUG=1",
					"$(inherited)",
				);
				GCC_WARN_64_TO_32_BIT_CONVERSION = YES;
				GCC_WARN_ABOUT_RETURN_TYPE = YES_ERROR;
				GCC_WARN_UNDECLARED_SELECTOR = YES;
				GCC_WARN_UNINITIALIZED_AUTOS = YES_AGGRESSIVE;
				GCC_WARN_UNUSED_FUNCTION = YES;
				GCC_WARN_UNUSED_VARIABLE = YES;
				IPHONEOS_DEPLOYMENT_TARGET = 14.4;
				MTL_ENABLE_DEBUG_INFO = INCLUDE_SOURCE;
				MTL_FAST_MATH = YES;
				ONLY_ACTIVE_ARCH = YES;
				SDKROOT = iphoneos;
				SWIFT_ACTIVE_COMPILATION_CONDITIONS = DEBUG;
				SWIFT_OPTIMIZATION_LEVEL = "-Onone";
			};
			name = Debug;
		};
		81D6302B25E4BD5D00F42ED5 /* Release */ = {
			isa = XCBuildConfiguration;
			buildSettings = {
				ALWAYS_SEARCH_USER_PATHS = NO;
				CLANG_ANALYZER_NONNULL = YES;
				CLANG_ANALYZER_NUMBER_OBJECT_CONVERSION = YES_AGGRESSIVE;
				CLANG_CXX_LANGUAGE_STANDARD = "gnu++14";
				CLANG_CXX_LIBRARY = "libc++";
				CLANG_ENABLE_MODULES = YES;
				CLANG_ENABLE_OBJC_ARC = YES;
				CLANG_ENABLE_OBJC_WEAK = YES;
				CLANG_WARN_BLOCK_CAPTURE_AUTORELEASING = YES;
				CLANG_WARN_BOOL_CONVERSION = YES;
				CLANG_WARN_COMMA = YES;
				CLANG_WARN_CONSTANT_CONVERSION = YES;
				CLANG_WARN_DEPRECATED_OBJC_IMPLEMENTATIONS = YES;
				CLANG_WARN_DIRECT_OBJC_ISA_USAGE = YES_ERROR;
				CLANG_WARN_DOCUMENTATION_COMMENTS = YES;
				CLANG_WARN_EMPTY_BODY = YES;
				CLANG_WARN_ENUM_CONVERSION = YES;
				CLANG_WARN_INFINITE_RECURSION = YES;
				CLANG_WARN_INT_CONVERSION = YES;
				CLANG_WARN_NON_LITERAL_NULL_CONVERSION = YES;
				CLANG_WARN_OBJC_IMPLICIT_RETAIN_SELF = YES;
				CLANG_WARN_OBJC_LITERAL_CONVERSION = YES;
				CLANG_WARN_OBJC_ROOT_CLASS = YES_ERROR;
				CLANG_WARN_QUOTED_INCLUDE_IN_FRAMEWORK_HEADER = YES;
				CLANG_WARN_RANGE_LOOP_ANALYSIS = YES;
				CLANG_WARN_STRICT_PROTOTYPES = YES;
				CLANG_WARN_SUSPICIOUS_MOVE = YES;
				CLANG_WARN_UNGUARDED_AVAILABILITY = YES_AGGRESSIVE;
				CLANG_WARN_UNREACHABLE_CODE = YES;
				CLANG_WARN__DUPLICATE_METHOD_MATCH = YES;
				COPY_PHASE_STRIP = NO;
				DEBUG_INFORMATION_FORMAT = "dwarf-with-dsym";
				ENABLE_NS_ASSERTIONS = NO;
				ENABLE_STRICT_OBJC_MSGSEND = YES;
				GCC_C_LANGUAGE_STANDARD = gnu11;
				GCC_NO_COMMON_BLOCKS = YES;
				GCC_WARN_64_TO_32_BIT_CONVERSION = YES;
				GCC_WARN_ABOUT_RETURN_TYPE = YES_ERROR;
				GCC_WARN_UNDECLARED_SELECTOR = YES;
				GCC_WARN_UNINITIALIZED_AUTOS = YES_AGGRESSIVE;
				GCC_WARN_UNUSED_FUNCTION = YES;
				GCC_WARN_UNUSED_VARIABLE = YES;
				IPHONEOS_DEPLOYMENT_TARGET = 14.4;
				MTL_ENABLE_DEBUG_INFO = NO;
				MTL_FAST_MATH = YES;
				SDKROOT = iphoneos;
				SWIFT_COMPILATION_MODE = wholemodule;
				SWIFT_OPTIMIZATION_LEVEL = "-O";
				VALIDATE_PRODUCT = YES;
			};
			name = Release;
		};
		81D6302D25E4BD5D00F42ED5 /* Debug */ = {
			isa = XCBuildConfiguration;
			buildSettings = {
				ALWAYS_EMBED_SWIFT_STANDARD_LIBRARIES = YES;
				ASSETCATALOG_COMPILER_APPICON_NAME = AppIcon;
				ASSETCATALOG_COMPILER_GLOBAL_ACCENT_COLOR_NAME = AccentColor;
				CODE_SIGN_ENTITLEMENTS = CalendarCard/CalendarCard.entitlements;
				CODE_SIGN_STYLE = Automatic;
				DEVELOPMENT_ASSET_PATHS = "\"CalendarCard/Preview Content\"";
				DEVELOPMENT_TEAM = BJSAM6XRY7;
				ENABLE_PREVIEWS = YES;
				INFOPLIST_FILE = CalendarCard/Info.plist;
				IPHONEOS_DEPLOYMENT_TARGET = 14.0;
				LD_RUNPATH_SEARCH_PATHS = (
					"$(inherited)",
					"@executable_path/Frameworks",
				);
				PRODUCT_BUNDLE_IDENTIFIER = com.deerfly.CalendarCard;
				PRODUCT_NAME = "$(TARGET_NAME)";
				SUPPORTS_MACCATALYST = YES;
				SWIFT_VERSION = 5.0;
				TARGETED_DEVICE_FAMILY = "1,2";
			};
			name = Debug;
		};
		81D6302E25E4BD5D00F42ED5 /* Release */ = {
			isa = XCBuildConfiguration;
			buildSettings = {
				ALWAYS_EMBED_SWIFT_STANDARD_LIBRARIES = YES;
				ASSETCATALOG_COMPILER_APPICON_NAME = AppIcon;
				ASSETCATALOG_COMPILER_GLOBAL_ACCENT_COLOR_NAME = AccentColor;
				CODE_SIGN_ENTITLEMENTS = CalendarCard/CalendarCard.entitlements;
				CODE_SIGN_STYLE = Automatic;
				DEVELOPMENT_ASSET_PATHS = "\"CalendarCard/Preview Content\"";
				DEVELOPMENT_TEAM = BJSAM6XRY7;
				ENABLE_PREVIEWS = YES;
				INFOPLIST_FILE = CalendarCard/Info.plist;
				IPHONEOS_DEPLOYMENT_TARGET = 14.0;
				LD_RUNPATH_SEARCH_PATHS = (
					"$(inherited)",
					"@executable_path/Frameworks",
				);
				PRODUCT_BUNDLE_IDENTIFIER = com.deerfly.CalendarCard;
				PRODUCT_NAME = "$(TARGET_NAME)";
				SUPPORTS_MACCATALYST = YES;
				SWIFT_VERSION = 5.0;
				TARGETED_DEVICE_FAMILY = "1,2";
			};
			name = Release;
		};
		81D6304C25E4BE1F00F42ED5 /* Debug */ = {
			isa = XCBuildConfiguration;
			buildSettings = {
				ASSETCATALOG_COMPILER_GLOBAL_ACCENT_COLOR_NAME = AccentColor;
				ASSETCATALOG_COMPILER_WIDGET_BACKGROUND_COLOR_NAME = WidgetBackground;
				CODE_SIGN_ENTITLEMENTS = WidgetExtension.entitlements;
				CODE_SIGN_STYLE = Automatic;
				DEVELOPMENT_TEAM = BJSAM6XRY7;
				INFOPLIST_FILE = Widget/Info.plist;
				LD_RUNPATH_SEARCH_PATHS = (
					"$(inherited)",
					"@executable_path/Frameworks",
					"@executable_path/../../Frameworks",
				);
				PRODUCT_BUNDLE_IDENTIFIER = com.deerfly.CalendarCard.Widget;
				PRODUCT_NAME = "$(TARGET_NAME)";
				SKIP_INSTALL = YES;
				SUPPORTS_MACCATALYST = YES;
				SWIFT_VERSION = 5.0;
				TARGETED_DEVICE_FAMILY = "1,2";
			};
			name = Debug;
		};
		81D6304D25E4BE1F00F42ED5 /* Release */ = {
			isa = XCBuildConfiguration;
			buildSettings = {
				ASSETCATALOG_COMPILER_GLOBAL_ACCENT_COLOR_NAME = AccentColor;
				ASSETCATALOG_COMPILER_WIDGET_BACKGROUND_COLOR_NAME = WidgetBackground;
				CODE_SIGN_ENTITLEMENTS = WidgetExtension.entitlements;
				CODE_SIGN_STYLE = Automatic;
				DEVELOPMENT_TEAM = BJSAM6XRY7;
				INFOPLIST_FILE = Widget/Info.plist;
				LD_RUNPATH_SEARCH_PATHS = (
					"$(inherited)",
					"@executable_path/Frameworks",
					"@executable_path/../../Frameworks",
				);
				PRODUCT_BUNDLE_IDENTIFIER = com.deerfly.CalendarCard.Widget;
				PRODUCT_NAME = "$(TARGET_NAME)";
				SKIP_INSTALL = YES;
				SUPPORTS_MACCATALYST = YES;
				SWIFT_VERSION = 5.0;
				TARGETED_DEVICE_FAMILY = "1,2";
			};
			name = Release;
		};
/* End XCBuildConfiguration section */

/* Begin XCConfigurationList section */
		81D6301325E4BD5B00F42ED5 /* Build configuration list for PBXProject "CalendarCard" */ = {
			isa = XCConfigurationList;
			buildConfigurations = (
				81D6302A25E4BD5D00F42ED5 /* Debug */,
				81D6302B25E4BD5D00F42ED5 /* Release */,
			);
			defaultConfigurationIsVisible = 0;
			defaultConfigurationName = Release;
		};
		81D6302C25E4BD5D00F42ED5 /* Build configuration list for PBXNativeTarget "CalendarCard" */ = {
			isa = XCConfigurationList;
			buildConfigurations = (
				81D6302D25E4BD5D00F42ED5 /* Debug */,
				81D6302E25E4BD5D00F42ED5 /* Release */,
			);
			defaultConfigurationIsVisible = 0;
			defaultConfigurationName = Release;
		};
		81D6304B25E4BE1F00F42ED5 /* Build configuration list for PBXNativeTarget "WidgetExtension" */ = {
			isa = XCConfigurationList;
			buildConfigurations = (
				81D6304C25E4BE1F00F42ED5 /* Debug */,
				81D6304D25E4BE1F00F42ED5 /* Release */,
			);
			defaultConfigurationIsVisible = 0;
			defaultConfigurationName = Release;
		};
/* End XCConfigurationList section */

/* Begin XCRemoteSwiftPackageReference section */
		81D6303025E4BDAB00F42ED5 /* XCRemoteSwiftPackageReference "SwiftMesh" */ = {
			isa = XCRemoteSwiftPackageReference;
			repositoryURL = "https://github.com/jackiehu/SwiftMesh";
			requirement = {
				kind = upToNextMajorVersion;
				minimumVersion = 1.6.1;
			};
		};
		81D630F925E6034500F42ED5 /* XCRemoteSwiftPackageReference "ToastUI" */ = {
			isa = XCRemoteSwiftPackageReference;
			repositoryURL = "https://github.com/quanshousio/ToastUI";
			requirement = {
				kind = upToNextMajorVersion;
				minimumVersion = 2.0.0;
			};
		};
/* End XCRemoteSwiftPackageReference section */

/* Begin XCSwiftPackageProductDependency section */
		81D6303125E4BDAB00F42ED5 /* SwiftMesh */ = {
			isa = XCSwiftPackageProductDependency;
			package = 81D6303025E4BDAB00F42ED5 /* XCRemoteSwiftPackageReference "SwiftMesh" */;
			productName = SwiftMesh;
		};
		81D6309E25E4BECD00F42ED5 /* SwiftMesh */ = {
			isa = XCSwiftPackageProductDependency;
			package = 81D6303025E4BDAB00F42ED5 /* XCRemoteSwiftPackageReference "SwiftMesh" */;
			productName = SwiftMesh;
		};
		81D630FA25E6034500F42ED5 /* ToastUI */ = {
			isa = XCSwiftPackageProductDependency;
			package = 81D630F925E6034500F42ED5 /* XCRemoteSwiftPackageReference "ToastUI" */;
			productName = ToastUI;
		};
/* End XCSwiftPackageProductDependency section */

/* Begin XCVersionGroup section */
		81D6302625E4BD5D00F42ED5 /* CalendarCard.xcdatamodeld */ = {
			isa = XCVersionGroup;
			children = (
				81D6302725E4BD5D00F42ED5 /* CalendarCard.xcdatamodel */,
			);
			currentVersion = 81D6302725E4BD5D00F42ED5 /* CalendarCard.xcdatamodel */;
			path = CalendarCard.xcdatamodeld;
			sourceTree = "<group>";
			versionGroupType = wrapper.xcdatamodel;
		};
/* End XCVersionGroup section */
	};
	rootObject = 81D6301025E4BD5B00F42ED5 /* Project object */;
}
