{
  "object": {
    "pins": [
      {
        "package": "Alamofire",
        "repositoryURL": "https://github.com/Alamofire/Alamofire.git",
        "state": {
          "branch": null,
          "revision": "eaf6e622dd41b07b251d8f01752eab31bc811493",
          "version": "5.4.1"
        }
      },
      {
        "package": "Cache",
        "repositoryURL": "https://github.com/hyperoslo/Cache",
        "state": {
          "branch": null,
          "revision": "c7f4d633049c3bd649a353bad36f6c17e9df085f",
          "version": "6.0.0"
        }
      },
      {
        "package": "SwiftMesh",
        "repositoryURL": "https://github.com/jackiehu/SwiftMesh",
        "state": {
          "branch": null,
          "revision": "efbc4f75f01deef6ec73be2a1a266308332bda03",
          "version": "1.6.1"
        }
      }
    ]
  },
  "version": 1
}
